// !$*UTF8*$!
{
	archiveVersion = 1;
	classes = {
	};
	objectVersion = 48;
	objects = {

/* Begin PBXBuildFile section */
		94406CBF1F6FB59200A67656 /* HomeDataSource.swift in Sources */ = {isa = PBXBuildFile; fileRef = 94406CBE1F6FB59200A67656 /* HomeDataSource.swift */; };
		94406CC11F6FB5A200A67656 /* HomeCellModelBuilder.swift in Sources */ = {isa = PBXBuildFile; fileRef = 94406CC01F6FB5A200A67656 /* HomeCellModelBuilder.swift */; };
		94406CC61F6FB65600A67656 /* MeDataSource.swift in Sources */ = {isa = PBXBuildFile; fileRef = 94406CC51F6FB65600A67656 /* MeDataSource.swift */; };
		94406CC81F6FB66600A67656 /* MeCellBuilder.swift in Sources */ = {isa = PBXBuildFile; fileRef = 94406CC71F6FB66600A67656 /* MeCellBuilder.swift */; };
		94406CCA1F6FB67100A67656 /* MeCellModel.swift in Sources */ = {isa = PBXBuildFile; fileRef = 94406CC91F6FB67100A67656 /* MeCellModel.swift */; };
		94406CCD1F6FB6EF00A67656 /* SearchDataSource.swift in Sources */ = {isa = PBXBuildFile; fileRef = 94406CCC1F6FB6EF00A67656 /* SearchDataSource.swift */; };
		94406CD01F6FB70700A67656 /* SearchCellModel.swift in Sources */ = {isa = PBXBuildFile; fileRef = 94406CCF1F6FB70700A67656 /* SearchCellModel.swift */; };
		94406CD21F6FB71900A67656 /* SearchCellBuilder.swift in Sources */ = {isa = PBXBuildFile; fileRef = 94406CD11F6FB71900A67656 /* SearchCellBuilder.swift */; };
		94406CD41F6FB76600A67656 /* MapDataSource.swift in Sources */ = {isa = PBXBuildFile; fileRef = 94406CD31F6FB76600A67656 /* MapDataSource.swift */; };
		94406CD71F6FB8F300A67656 /* XIBInitableCell.swift in Sources */ = {isa = PBXBuildFile; fileRef = 94406CD61F6FB8F300A67656 /* XIBInitableCell.swift */; };
		945D9F3320B1FCA7006E9E16 /* ModalSearchVC.swift in Sources */ = {isa = PBXBuildFile; fileRef = 945D9F3120B1FCA7006E9E16 /* ModalSearchVC.swift */; };
		9460FACB20A856AB00D63C2C /* FacultyCell.swift in Sources */ = {isa = PBXBuildFile; fileRef = 9460FAC920A856AB00D63C2C /* FacultyCell.swift */; };
		9460FACC20A856AB00D63C2C /* FacultyCell.xib in Resources */ = {isa = PBXBuildFile; fileRef = 9460FACA20A856AB00D63C2C /* FacultyCell.xib */; };
		9460FAD020A8685000D63C2C /* GraphUnits.swift in Sources */ = {isa = PBXBuildFile; fileRef = 9460FACF20A8685000D63C2C /* GraphUnits.swift */; };
		9489C0BF1F6F000E0011E5AE /* ViewController.swift in Sources */ = {isa = PBXBuildFile; fileRef = 9489C0BE1F6F000E0011E5AE /* ViewController.swift */; };
		9489C0C21F6F000E0011E5AE /* Main.storyboard in Resources */ = {isa = PBXBuildFile; fileRef = 9489C0C01F6F000E0011E5AE /* Main.storyboard */; };
		9489C0C71F6F000E0011E5AE /* LaunchScreen.storyboard in Resources */ = {isa = PBXBuildFile; fileRef = 9489C0C51F6F000E0011E5AE /* LaunchScreen.storyboard */; };
		9489C0D21F6F000E0011E5AE /* NavETUTests.swift in Sources */ = {isa = PBXBuildFile; fileRef = 9489C0D11F6F000E0011E5AE /* NavETUTests.swift */; };
		9489C0E11F6F04690011E5AE /* AppDelegate.swift in Sources */ = {isa = PBXBuildFile; fileRef = 9489C0DE1F6F04680011E5AE /* AppDelegate.swift */; };
		9489C0E21F6F04690011E5AE /* Assets.xcassets in Resources */ = {isa = PBXBuildFile; fileRef = 9489C0DF1F6F04680011E5AE /* Assets.xcassets */; };
		9489C0E31F6F04690011E5AE /* Info.plist in Resources */ = {isa = PBXBuildFile; fileRef = 9489C0E01F6F04680011E5AE /* Info.plist */; };
		9489C0E51F6F05BA0011E5AE /* Routable.swift in Sources */ = {isa = PBXBuildFile; fileRef = 9489C0E41F6F05BA0011E5AE /* Routable.swift */; };
		9489C0E71F6F06260011E5AE /* HomeVC.swift in Sources */ = {isa = PBXBuildFile; fileRef = 9489C0E61F6F06260011E5AE /* HomeVC.swift */; };
		9489C0E91F6F06360011E5AE /* MeVC.swift in Sources */ = {isa = PBXBuildFile; fileRef = 9489C0E81F6F06360011E5AE /* MeVC.swift */; };
		9489C0EB1F6F064D0011E5AE /* SearchVC.swift in Sources */ = {isa = PBXBuildFile; fileRef = 9489C0EA1F6F064D0011E5AE /* SearchVC.swift */; };
		9489C0ED1F6F065A0011E5AE /* MapVC.swift in Sources */ = {isa = PBXBuildFile; fileRef = 9489C0EC1F6F065A0011E5AE /* MapVC.swift */; };
		94DD7D7D1F6F078F0079E7B1 /* Router.swift in Sources */ = {isa = PBXBuildFile; fileRef = 94DD7D7C1F6F078F0079E7B1 /* Router.swift */; };
		94DD7D7F1F6F0C210079E7B1 /* Services.swift in Sources */ = {isa = PBXBuildFile; fileRef = 94DD7D7E1F6F0C210079E7B1 /* Services.swift */; };
		94DD7D891F6F0E680079E7B1 /* Home.strings in Resources */ = {isa = PBXBuildFile; fileRef = 94DD7D8B1F6F0E680079E7B1 /* Home.strings */; };
		94DD7D961F6F0F4E0079E7B1 /* Me.strings in Resources */ = {isa = PBXBuildFile; fileRef = 94DD7D981F6F0F4E0079E7B1 /* Me.strings */; };
		94DD7D9A1F6F0F5E0079E7B1 /* Search.strings in Resources */ = {isa = PBXBuildFile; fileRef = 94DD7D9C1F6F0F5E0079E7B1 /* Search.strings */; };
		94DD7D9E1F6F0F680079E7B1 /* Map.strings in Resources */ = {isa = PBXBuildFile; fileRef = 94DD7DA01F6F0F680079E7B1 /* Map.strings */; };
		94DD7DA31F6F12660079E7B1 /* String.swift in Sources */ = {isa = PBXBuildFile; fileRef = 94DD7DA21F6F12660079E7B1 /* String.swift */; };
		94DD7DA81F6FB2960079E7B1 /* HomeCell.swift in Sources */ = {isa = PBXBuildFile; fileRef = 94DD7DA61F6FB2960079E7B1 /* HomeCell.swift */; };
		94DD7DA91F6FB2960079E7B1 /* HomeCell.xib in Resources */ = {isa = PBXBuildFile; fileRef = 94DD7DA71F6FB2960079E7B1 /* HomeCell.xib */; };
		94E1540B20AF20A9009533B7 /* PathView.swift in Sources */ = {isa = PBXBuildFile; fileRef = 94E1540A20AF20A9009533B7 /* PathView.swift */; };
		94F640012095CA4800F071F4 /* FacultiesDataSource.swift in Sources */ = {isa = PBXBuildFile; fileRef = 94F640002095CA4800F071F4 /* FacultiesDataSource.swift */; };
		94F640042095CAF800F071F4 /* FacultiesCellModelBuilder.swift in Sources */ = {isa = PBXBuildFile; fileRef = 94F640032095CAF800F071F4 /* FacultiesCellModelBuilder.swift */; };
		94FA69E51F6FE7EB009359A6 /* FacultiesVC.swift in Sources */ = {isa = PBXBuildFile; fileRef = 94FA69E41F6FE7EB009359A6 /* FacultiesVC.swift */; };
/* End PBXBuildFile section */

/* Begin PBXContainerItemProxy section */
		9489C0CE1F6F000E0011E5AE /* PBXContainerItemProxy */ = {
			isa = PBXContainerItemProxy;
			containerPortal = 9489C0B11F6F000E0011E5AE /* Project object */;
			proxyType = 1;
			remoteGlobalIDString = 9489C0B81F6F000E0011E5AE;
			remoteInfo = NavETU;
		};
/* End PBXContainerItemProxy section */

/* Begin PBXFileReference section */
		94406CBE1F6FB59200A67656 /* HomeDataSource.swift */ = {isa = PBXFileReference; lastKnownFileType = sourcecode.swift; path = HomeDataSource.swift; sourceTree = "<group>"; };
		94406CC01F6FB5A200A67656 /* HomeCellModelBuilder.swift */ = {isa = PBXFileReference; lastKnownFileType = sourcecode.swift; path = HomeCellModelBuilder.swift; sourceTree = "<group>"; };
		94406CC51F6FB65600A67656 /* MeDataSource.swift */ = {isa = PBXFileReference; lastKnownFileType = sourcecode.swift; path = MeDataSource.swift; sourceTree = "<group>"; };
		94406CC71F6FB66600A67656 /* MeCellBuilder.swift */ = {isa = PBXFileReference; lastKnownFileType = sourcecode.swift; path = MeCellBuilder.swift; sourceTree = "<group>"; };
		94406CC91F6FB67100A67656 /* MeCellModel.swift */ = {isa = PBXFileReference; lastKnownFileType = sourcecode.swift; path = MeCellModel.swift; sourceTree = "<group>"; };
		94406CCC1F6FB6EF00A67656 /* SearchDataSource.swift */ = {isa = PBXFileReference; lastKnownFileType = sourcecode.swift; path = SearchDataSource.swift; sourceTree = "<group>"; };
		94406CCF1F6FB70700A67656 /* SearchCellModel.swift */ = {isa = PBXFileReference; lastKnownFileType = sourcecode.swift; path = SearchCellModel.swift; sourceTree = "<group>"; };
		94406CD11F6FB71900A67656 /* SearchCellBuilder.swift */ = {isa = PBXFileReference; lastKnownFileType = sourcecode.swift; path = SearchCellBuilder.swift; sourceTree = "<group>"; };
		94406CD31F6FB76600A67656 /* MapDataSource.swift */ = {isa = PBXFileReference; lastKnownFileType = sourcecode.swift; path = MapDataSource.swift; sourceTree = "<group>"; };
		94406CD61F6FB8F300A67656 /* XIBInitableCell.swift */ = {isa = PBXFileReference; lastKnownFileType = sourcecode.swift; path = XIBInitableCell.swift; sourceTree = "<group>"; };
		945D9F3120B1FCA7006E9E16 /* ModalSearchVC.swift */ = {isa = PBXFileReference; lastKnownFileType = sourcecode.swift; path = ModalSearchVC.swift; sourceTree = "<group>"; };
		9460FAC920A856AB00D63C2C /* FacultyCell.swift */ = {isa = PBXFileReference; lastKnownFileType = sourcecode.swift; path = FacultyCell.swift; sourceTree = "<group>"; };
		9460FACA20A856AB00D63C2C /* FacultyCell.xib */ = {isa = PBXFileReference; lastKnownFileType = file.xib; path = FacultyCell.xib; sourceTree = "<group>"; };
		9460FACF20A8685000D63C2C /* GraphUnits.swift */ = {isa = PBXFileReference; lastKnownFileType = sourcecode.swift; path = GraphUnits.swift; sourceTree = "<group>"; };
		9489C0B91F6F000E0011E5AE /* NavETU.app */ = {isa = PBXFileReference; explicitFileType = wrapper.application; includeInIndex = 0; path = NavETU.app; sourceTree = BUILT_PRODUCTS_DIR; };
		9489C0BE1F6F000E0011E5AE /* ViewController.swift */ = {isa = PBXFileReference; lastKnownFileType = sourcecode.swift; path = ViewController.swift; sourceTree = "<group>"; };
		9489C0C11F6F000E0011E5AE /* Base */ = {isa = PBXFileReference; lastKnownFileType = file.storyboard; name = Base; path = Base.lproj/Main.storyboard; sourceTree = "<group>"; };
		9489C0C61F6F000E0011E5AE /* Base */ = {isa = PBXFileReference; lastKnownFileType = file.storyboard; name = Base; path = Base.lproj/LaunchScreen.storyboard; sourceTree = "<group>"; };
		9489C0CD1F6F000E0011E5AE /* NavETUTests.xctest */ = {isa = PBXFileReference; explicitFileType = wrapper.cfbundle; includeInIndex = 0; path = NavETUTests.xctest; sourceTree = BUILT_PRODUCTS_DIR; };
		9489C0D11F6F000E0011E5AE /* NavETUTests.swift */ = {isa = PBXFileReference; lastKnownFileType = sourcecode.swift; path = NavETUTests.swift; sourceTree = "<group>"; };
		9489C0D31F6F000F0011E5AE /* Info.plist */ = {isa = PBXFileReference; lastKnownFileType = text.plist.xml; path = Info.plist; sourceTree = "<group>"; };
		9489C0DE1F6F04680011E5AE /* AppDelegate.swift */ = {isa = PBXFileReference; fileEncoding = 4; lastKnownFileType = sourcecode.swift; path = AppDelegate.swift; sourceTree = "<group>"; };
		9489C0DF1F6F04680011E5AE /* Assets.xcassets */ = {isa = PBXFileReference; lastKnownFileType = folder.assetcatalog; path = Assets.xcassets; sourceTree = "<group>"; };
		9489C0E01F6F04680011E5AE /* Info.plist */ = {isa = PBXFileReference; fileEncoding = 4; lastKnownFileType = text.plist.xml; path = Info.plist; sourceTree = "<group>"; };
		9489C0E41F6F05BA0011E5AE /* Routable.swift */ = {isa = PBXFileReference; lastKnownFileType = sourcecode.swift; path = Routable.swift; sourceTree = "<group>"; };
		9489C0E61F6F06260011E5AE /* HomeVC.swift */ = {isa = PBXFileReference; lastKnownFileType = sourcecode.swift; path = HomeVC.swift; sourceTree = "<group>"; };
		9489C0E81F6F06360011E5AE /* MeVC.swift */ = {isa = PBXFileReference; lastKnownFileType = sourcecode.swift; path = MeVC.swift; sourceTree = "<group>"; };
		9489C0EA1F6F064D0011E5AE /* SearchVC.swift */ = {isa = PBXFileReference; lastKnownFileType = sourcecode.swift; path = SearchVC.swift; sourceTree = "<group>"; };
		9489C0EC1F6F065A0011E5AE /* MapVC.swift */ = {isa = PBXFileReference; lastKnownFileType = sourcecode.swift; path = MapVC.swift; sourceTree = "<group>"; };
		94DD7D7C1F6F078F0079E7B1 /* Router.swift */ = {isa = PBXFileReference; lastKnownFileType = sourcecode.swift; path = Router.swift; sourceTree = "<group>"; };
		94DD7D7E1F6F0C210079E7B1 /* Services.swift */ = {isa = PBXFileReference; lastKnownFileType = sourcecode.swift; path = Services.swift; sourceTree = "<group>"; };
		94DD7D8C1F6F0E700079E7B1 /* Base */ = {isa = PBXFileReference; lastKnownFileType = text.plist.strings; name = Base; path = Base.lproj/Home.strings; sourceTree = "<group>"; };
		94DD7D911F6F0F1E0079E7B1 /* en */ = {isa = PBXFileReference; lastKnownFileType = text.plist.strings; name = en; path = en.lproj/Main.strings; sourceTree = "<group>"; };
		94DD7D921F6F0F1E0079E7B1 /* en */ = {isa = PBXFileReference; lastKnownFileType = text.plist.strings; name = en; path = en.lproj/LaunchScreen.strings; sourceTree = "<group>"; };
		94DD7D931F6F0F3C0079E7B1 /* ru */ = {isa = PBXFileReference; lastKnownFileType = text.plist.strings; name = ru; path = ru.lproj/LaunchScreen.strings; sourceTree = "<group>"; };
		94DD7D941F6F0F450079E7B1 /* en */ = {isa = PBXFileReference; lastKnownFileType = text.plist.strings; name = en; path = en.lproj/Home.strings; sourceTree = "<group>"; };
		94DD7D951F6F0F480079E7B1 /* ru */ = {isa = PBXFileReference; lastKnownFileType = text.plist.strings; name = ru; path = ru.lproj/Home.strings; sourceTree = "<group>"; };
		94DD7D971F6F0F4E0079E7B1 /* en */ = {isa = PBXFileReference; lastKnownFileType = text.plist.strings; name = en; path = en.lproj/Me.strings; sourceTree = "<group>"; };
		94DD7D991F6F0F540079E7B1 /* ru */ = {isa = PBXFileReference; lastKnownFileType = text.plist.strings; name = ru; path = ru.lproj/Me.strings; sourceTree = "<group>"; };
		94DD7D9B1F6F0F5E0079E7B1 /* en */ = {isa = PBXFileReference; lastKnownFileType = text.plist.strings; name = en; path = en.lproj/Search.strings; sourceTree = "<group>"; };
		94DD7D9D1F6F0F630079E7B1 /* ru */ = {isa = PBXFileReference; lastKnownFileType = text.plist.strings; name = ru; path = ru.lproj/Search.strings; sourceTree = "<group>"; };
		94DD7D9F1F6F0F680079E7B1 /* en */ = {isa = PBXFileReference; lastKnownFileType = text.plist.strings; name = en; path = en.lproj/Map.strings; sourceTree = "<group>"; };
		94DD7DA11F6F0F6B0079E7B1 /* ru */ = {isa = PBXFileReference; lastKnownFileType = text.plist.strings; name = ru; path = ru.lproj/Map.strings; sourceTree = "<group>"; };
		94DD7DA21F6F12660079E7B1 /* String.swift */ = {isa = PBXFileReference; lastKnownFileType = sourcecode.swift; path = String.swift; sourceTree = "<group>"; };
		94DD7DA61F6FB2960079E7B1 /* HomeCell.swift */ = {isa = PBXFileReference; lastKnownFileType = sourcecode.swift; path = HomeCell.swift; sourceTree = "<group>"; };
		94DD7DA71F6FB2960079E7B1 /* HomeCell.xib */ = {isa = PBXFileReference; lastKnownFileType = file.xib; path = HomeCell.xib; sourceTree = "<group>"; };
		94E1540A20AF20A9009533B7 /* PathView.swift */ = {isa = PBXFileReference; lastKnownFileType = sourcecode.swift; path = PathView.swift; sourceTree = "<group>"; };
		94F640002095CA4800F071F4 /* FacultiesDataSource.swift */ = {isa = PBXFileReference; lastKnownFileType = sourcecode.swift; path = FacultiesDataSource.swift; sourceTree = "<group>"; };
		94F640032095CAF800F071F4 /* FacultiesCellModelBuilder.swift */ = {isa = PBXFileReference; lastKnownFileType = sourcecode.swift; path = FacultiesCellModelBuilder.swift; sourceTree = "<group>"; };
		94FA69E41F6FE7EB009359A6 /* FacultiesVC.swift */ = {isa = PBXFileReference; lastKnownFileType = sourcecode.swift; path = FacultiesVC.swift; sourceTree = "<group>"; };
/* End PBXFileReference section */

/* Begin PBXFrameworksBuildPhase section */
		9489C0B61F6F000E0011E5AE /* Frameworks */ = {
			isa = PBXFrameworksBuildPhase;
			buildActionMask = 2147483647;
			files = (
			);
			runOnlyForDeploymentPostprocessing = 0;
		};
		9489C0CA1F6F000E0011E5AE /* Frameworks */ = {
			isa = PBXFrameworksBuildPhase;
			buildActionMask = 2147483647;
			files = (
			);
			runOnlyForDeploymentPostprocessing = 0;
		};
/* End PBXFrameworksBuildPhase section */

/* Begin PBXGroup section */
		94406CC41F6FB5C500A67656 /* Home */ = {
			isa = PBXGroup;
			children = (
				9489C0BE1F6F000E0011E5AE /* ViewController.swift */,
				9489C0E61F6F06260011E5AE /* HomeVC.swift */,
				94406CBE1F6FB59200A67656 /* HomeDataSource.swift */,
				94406CC01F6FB5A200A67656 /* HomeCellModelBuilder.swift */,
				94F640022095CA5400F071F4 /* Faculties */,
			);
			path = Home;
			sourceTree = "<group>";
		};
		94406CCB1F6FB68500A67656 /* Me */ = {
			isa = PBXGroup;
			children = (
				9489C0E81F6F06360011E5AE /* MeVC.swift */,
				94406CC51F6FB65600A67656 /* MeDataSource.swift */,
				94406CC71F6FB66600A67656 /* MeCellBuilder.swift */,
				94406CC91F6FB67100A67656 /* MeCellModel.swift */,
			);
			path = Me;
			sourceTree = "<group>";
		};
		94406CCE1F6FB6F600A67656 /* Search */ = {
			isa = PBXGroup;
			children = (
				9489C0EA1F6F064D0011E5AE /* SearchVC.swift */,
				94406CCC1F6FB6EF00A67656 /* SearchDataSource.swift */,
				94406CD11F6FB71900A67656 /* SearchCellBuilder.swift */,
				94406CCF1F6FB70700A67656 /* SearchCellModel.swift */,
			);
			path = Search;
			sourceTree = "<group>";
		};
		94406CD51F6FB7E000A67656 /* Map */ = {
			isa = PBXGroup;
			children = (
				9489C0EC1F6F065A0011E5AE /* MapVC.swift */,
				94406CD31F6FB76600A67656 /* MapDataSource.swift */,
				94E1540A20AF20A9009533B7 /* PathView.swift */,
				945D9F3120B1FCA7006E9E16 /* ModalSearchVC.swift */,
			);
			path = Map;
			sourceTree = "<group>";
		};
		94406CD81F6FB96000A67656 /* Helpers */ = {
			isa = PBXGroup;
			children = (
				94DD7D7C1F6F078F0079E7B1 /* Router.swift */,
				94DD7DA21F6F12660079E7B1 /* String.swift */,
				9489C0E41F6F05BA0011E5AE /* Routable.swift */,
				94406CD61F6FB8F300A67656 /* XIBInitableCell.swift */,
				94DD7D7E1F6F0C210079E7B1 /* Services.swift */,
			);
			path = Helpers;
			sourceTree = "<group>";
		};
		9489C0B01F6F000E0011E5AE = {
			isa = PBXGroup;
			children = (
				9489C0BB1F6F000E0011E5AE /* NavETU */,
				9489C0D01F6F000E0011E5AE /* NavETUTests */,
				9489C0BA1F6F000E0011E5AE /* Products */,
			);
			sourceTree = "<group>";
		};
		9489C0BA1F6F000E0011E5AE /* Products */ = {
			isa = PBXGroup;
			children = (
				9489C0B91F6F000E0011E5AE /* NavETU.app */,
				9489C0CD1F6F000E0011E5AE /* NavETUTests.xctest */,
			);
			name = Products;
			sourceTree = "<group>";
		};
		9489C0BB1F6F000E0011E5AE /* NavETU */ = {
			isa = PBXGroup;
			children = (
				9489C0C01F6F000E0011E5AE /* Main.storyboard */,
				9489C0C51F6F000E0011E5AE /* LaunchScreen.storyboard */,
				9489C0E01F6F04680011E5AE /* Info.plist */,
				94E1540920ADEF21009533B7 /* Model */,
				94DD7DA41F6FB2240079E7B1 /* Scenes */,
				94DD7DA51F6FB26B0079E7B1 /* View */,
				9489C0DD1F6F020C0011E5AE /* SupportingFiles */,
				94406CD81F6FB96000A67656 /* Helpers */,
				94DD7D881F6F0E1B0079E7B1 /* Localizations */,
			);
			path = NavETU;
			sourceTree = "<group>";
		};
		9489C0D01F6F000E0011E5AE /* NavETUTests */ = {
			isa = PBXGroup;
			children = (
				9489C0D11F6F000E0011E5AE /* NavETUTests.swift */,
				9489C0D31F6F000F0011E5AE /* Info.plist */,
			);
			path = NavETUTests;
			sourceTree = "<group>";
		};
		9489C0DD1F6F020C0011E5AE /* SupportingFiles */ = {
			isa = PBXGroup;
			children = (
				9489C0DE1F6F04680011E5AE /* AppDelegate.swift */,
				9489C0DF1F6F04680011E5AE /* Assets.xcassets */,
			);
			path = SupportingFiles;
			sourceTree = "<group>";
		};
		94DD7D881F6F0E1B0079E7B1 /* Localizations */ = {
			isa = PBXGroup;
			children = (
				94DD7D8B1F6F0E680079E7B1 /* Home.strings */,
				94DD7D981F6F0F4E0079E7B1 /* Me.strings */,
				94DD7D9C1F6F0F5E0079E7B1 /* Search.strings */,
				94DD7DA01F6F0F680079E7B1 /* Map.strings */,
			);
			path = Localizations;
			sourceTree = "<group>";
		};
		94DD7DA41F6FB2240079E7B1 /* Scenes */ = {
			isa = PBXGroup;
			children = (
				94406CC41F6FB5C500A67656 /* Home */,
				94406CCB1F6FB68500A67656 /* Me */,
				94406CCE1F6FB6F600A67656 /* Search */,
				94406CD51F6FB7E000A67656 /* Map */,
			);
			path = Scenes;
			sourceTree = "<group>";
		};
		94DD7DA51F6FB26B0079E7B1 /* View */ = {
			isa = PBXGroup;
			children = (
				94DD7DA61F6FB2960079E7B1 /* HomeCell.swift */,
				94DD7DA71F6FB2960079E7B1 /* HomeCell.xib */,
				9460FAC920A856AB00D63C2C /* FacultyCell.swift */,
				9460FACA20A856AB00D63C2C /* FacultyCell.xib */,
			);
			path = View;
			sourceTree = "<group>";
		};
		94E1540920ADEF21009533B7 /* Model */ = {
			isa = PBXGroup;
			children = (
				9460FACF20A8685000D63C2C /* GraphUnits.swift */,
			);
			path = Model;
			sourceTree = "<group>";
		};
		94F640022095CA5400F071F4 /* Faculties */ = {
			isa = PBXGroup;
			children = (
				94FA69E41F6FE7EB009359A6 /* FacultiesVC.swift */,
				94F640002095CA4800F071F4 /* FacultiesDataSource.swift */,
				94F640032095CAF800F071F4 /* FacultiesCellModelBuilder.swift */,
			);
			path = Faculties;
			sourceTree = "<group>";
		};
/* End PBXGroup section */

/* Begin PBXNativeTarget section */
		9489C0B81F6F000E0011E5AE /* NavETU */ = {
			isa = PBXNativeTarget;
			buildConfigurationList = 9489C0D61F6F000F0011E5AE /* Build configuration list for PBXNativeTarget "NavETU" */;
			buildPhases = (
				9489C0B51F6F000E0011E5AE /* Sources */,
				9489C0B61F6F000E0011E5AE /* Frameworks */,
				9489C0B71F6F000E0011E5AE /* Resources */,
			);
			buildRules = (
			);
			dependencies = (
			);
			name = NavETU;
			productName = NavETU;
			productReference = 9489C0B91F6F000E0011E5AE /* NavETU.app */;
			productType = "com.apple.product-type.application";
		};
		9489C0CC1F6F000E0011E5AE /* NavETUTests */ = {
			isa = PBXNativeTarget;
			buildConfigurationList = 9489C0D91F6F000F0011E5AE /* Build configuration list for PBXNativeTarget "NavETUTests" */;
			buildPhases = (
				9489C0C91F6F000E0011E5AE /* Sources */,
				9489C0CA1F6F000E0011E5AE /* Frameworks */,
				9489C0CB1F6F000E0011E5AE /* Resources */,
			);
			buildRules = (
			);
			dependencies = (
				9489C0CF1F6F000E0011E5AE /* PBXTargetDependency */,
			);
			name = NavETUTests;
			productName = NavETUTests;
			productReference = 9489C0CD1F6F000E0011E5AE /* NavETUTests.xctest */;
			productType = "com.apple.product-type.bundle.unit-test";
		};
/* End PBXNativeTarget section */

/* Begin PBXProject section */
		9489C0B11F6F000E0011E5AE /* Project object */ = {
			isa = PBXProject;
			attributes = {
				LastSwiftUpdateCheck = 0900;
				LastUpgradeCheck = 0900;
				ORGANIZATIONNAME = "Екатерина Рыжова";
				TargetAttributes = {
					9489C0B81F6F000E0011E5AE = {
						CreatedOnToolsVersion = 9.0;
						ProvisioningStyle = Automatic;
					};
					9489C0CC1F6F000E0011E5AE = {
						CreatedOnToolsVersion = 9.0;
						ProvisioningStyle = Automatic;
						TestTargetID = 9489C0B81F6F000E0011E5AE;
					};
				};
			};
			buildConfigurationList = 9489C0B41F6F000E0011E5AE /* Build configuration list for PBXProject "NavETU" */;
			compatibilityVersion = "Xcode 8.0";
			developmentRegion = en;
			hasScannedForEncodings = 0;
			knownRegions = (
				Base,
				en,
				ru,
			);
			mainGroup = 9489C0B01F6F000E0011E5AE;
			productRefGroup = 9489C0BA1F6F000E0011E5AE /* Products */;
			projectDirPath = "";
			projectRoot = "";
			targets = (
				9489C0B81F6F000E0011E5AE /* NavETU */,
				9489C0CC1F6F000E0011E5AE /* NavETUTests */,
			);
		};
/* End PBXProject section */

/* Begin PBXResourcesBuildPhase section */
		9489C0B71F6F000E0011E5AE /* Resources */ = {
			isa = PBXResourcesBuildPhase;
			buildActionMask = 2147483647;
			files = (
				9460FACC20A856AB00D63C2C /* FacultyCell.xib in Resources */,
				9489C0E31F6F04690011E5AE /* Info.plist in Resources */,
				94DD7DA91F6FB2960079E7B1 /* HomeCell.xib in Resources */,
				94DD7D9E1F6F0F680079E7B1 /* Map.strings in Resources */,
				9489C0C71F6F000E0011E5AE /* LaunchScreen.storyboard in Resources */,
				94DD7D891F6F0E680079E7B1 /* Home.strings in Resources */,
				9489C0E21F6F04690011E5AE /* Assets.xcassets in Resources */,
				94DD7D9A1F6F0F5E0079E7B1 /* Search.strings in Resources */,
				94DD7D961F6F0F4E0079E7B1 /* Me.strings in Resources */,
				9489C0C21F6F000E0011E5AE /* Main.storyboard in Resources */,
			);
			runOnlyForDeploymentPostprocessing = 0;
		};
		9489C0CB1F6F000E0011E5AE /* Resources */ = {
			isa = PBXResourcesBuildPhase;
			buildActionMask = 2147483647;
			files = (
			);
			runOnlyForDeploymentPostprocessing = 0;
		};
/* End PBXResourcesBuildPhase section */

/* Begin PBXSourcesBuildPhase section */
		9489C0B51F6F000E0011E5AE /* Sources */ = {
			isa = PBXSourcesBuildPhase;
			buildActionMask = 2147483647;
			files = (
				94DD7D7D1F6F078F0079E7B1 /* Router.swift in Sources */,
				94406CC11F6FB5A200A67656 /* HomeCellModelBuilder.swift in Sources */,
				94F640042095CAF800F071F4 /* FacultiesCellModelBuilder.swift in Sources */,
				9489C0EB1F6F064D0011E5AE /* SearchVC.swift in Sources */,
				94DD7DA31F6F12660079E7B1 /* String.swift in Sources */,
				94406CCA1F6FB67100A67656 /* MeCellModel.swift in Sources */,
				94FA69E51F6FE7EB009359A6 /* FacultiesVC.swift in Sources */,
				94DD7DA81F6FB2960079E7B1 /* HomeCell.swift in Sources */,
				94406CD21F6FB71900A67656 /* SearchCellBuilder.swift in Sources */,
				94406CD01F6FB70700A67656 /* SearchCellModel.swift in Sources */,
				9489C0E91F6F06360011E5AE /* MeVC.swift in Sources */,
				94406CC81F6FB66600A67656 /* MeCellBuilder.swift in Sources */,
				94406CD71F6FB8F300A67656 /* XIBInitableCell.swift in Sources */,
				94E1540B20AF20A9009533B7 /* PathView.swift in Sources */,
				94F640012095CA4800F071F4 /* FacultiesDataSource.swift in Sources */,
				94406CC61F6FB65600A67656 /* MeDataSource.swift in Sources */,
				94406CD41F6FB76600A67656 /* MapDataSource.swift in Sources */,
				9489C0E11F6F04690011E5AE /* AppDelegate.swift in Sources */,
				9489C0E71F6F06260011E5AE /* HomeVC.swift in Sources */,
				94406CCD1F6FB6EF00A67656 /* SearchDataSource.swift in Sources */,
				94406CBF1F6FB59200A67656 /* HomeDataSource.swift in Sources */,
				9460FAD020A8685000D63C2C /* GraphUnits.swift in Sources */,
				9460FACB20A856AB00D63C2C /* FacultyCell.swift in Sources */,
				9489C0ED1F6F065A0011E5AE /* MapVC.swift in Sources */,
				9489C0E51F6F05BA0011E5AE /* Routable.swift in Sources */,
				94DD7D7F1F6F0C210079E7B1 /* Services.swift in Sources */,
				945D9F3320B1FCA7006E9E16 /* ModalSearchVC.swift in Sources */,
				9489C0BF1F6F000E0011E5AE /* ViewController.swift in Sources */,
			);
			runOnlyForDeploymentPostprocessing = 0;
		};
		9489C0C91F6F000E0011E5AE /* Sources */ = {
			isa = PBXSourcesBuildPhase;
			buildActionMask = 2147483647;
			files = (
				9489C0D21F6F000E0011E5AE /* NavETUTests.swift in Sources */,
			);
			runOnlyForDeploymentPostprocessing = 0;
		};
/* End PBXSourcesBuildPhase section */

/* Begin PBXTargetDependency section */
		9489C0CF1F6F000E0011E5AE /* PBXTargetDependency */ = {
			isa = PBXTargetDependency;
			target = 9489C0B81F6F000E0011E5AE /* NavETU */;
			targetProxy = 9489C0CE1F6F000E0011E5AE /* PBXContainerItemProxy */;
		};
/* End PBXTargetDependency section */

/* Begin PBXVariantGroup section */
		9489C0C01F6F000E0011E5AE /* Main.storyboard */ = {
			isa = PBXVariantGroup;
			children = (
				9489C0C11F6F000E0011E5AE /* Base */,
				94DD7D911F6F0F1E0079E7B1 /* en */,
			);
			name = Main.storyboard;
			sourceTree = "<group>";
		};
		9489C0C51F6F000E0011E5AE /* LaunchScreen.storyboard */ = {
			isa = PBXVariantGroup;
			children = (
				9489C0C61F6F000E0011E5AE /* Base */,
				94DD7D921F6F0F1E0079E7B1 /* en */,
				94DD7D931F6F0F3C0079E7B1 /* ru */,
			);
			name = LaunchScreen.storyboard;
			sourceTree = "<group>";
		};
		94DD7D8B1F6F0E680079E7B1 /* Home.strings */ = {
			isa = PBXVariantGroup;
			children = (
				94DD7D8C1F6F0E700079E7B1 /* Base */,
				94DD7D941F6F0F450079E7B1 /* en */,
				94DD7D951F6F0F480079E7B1 /* ru */,
			);
			name = Home.strings;
			sourceTree = "<group>";
		};
		94DD7D981F6F0F4E0079E7B1 /* Me.strings */ = {
			isa = PBXVariantGroup;
			children = (
				94DD7D971F6F0F4E0079E7B1 /* en */,
				94DD7D991F6F0F540079E7B1 /* ru */,
			);
			name = Me.strings;
			sourceTree = "<group>";
		};
		94DD7D9C1F6F0F5E0079E7B1 /* Search.strings */ = {
			isa = PBXVariantGroup;
			children = (
				94DD7D9B1F6F0F5E0079E7B1 /* en */,
				94DD7D9D1F6F0F630079E7B1 /* ru */,
			);
			name = Search.strings;
			sourceTree = "<group>";
		};
		94DD7DA01F6F0F680079E7B1 /* Map.strings */ = {
			isa = PBXVariantGroup;
			children = (
				94DD7D9F1F6F0F680079E7B1 /* en */,
				94DD7DA11F6F0F6B0079E7B1 /* ru */,
			);
			name = Map.strings;
			sourceTree = "<group>";
		};
/* End PBXVariantGroup section */

/* Begin XCBuildConfiguration section */
		9489C0D41F6F000F0011E5AE /* Debug */ = {
			isa = XCBuildConfiguration;
			buildSettings = {
				ALWAYS_SEARCH_USER_PATHS = NO;
				CLANG_ANALYZER_LOCALIZABILITY_NONLOCALIZED = YES;
				CLANG_ANALYZER_NONNULL = YES;
				CLANG_ANALYZER_NUMBER_OBJECT_CONVERSION = YES_AGGRESSIVE;
				CLANG_CXX_LANGUAGE_STANDARD = "gnu++14";
				CLANG_CXX_LIBRARY = "libc++";
				CLANG_ENABLE_MODULES = YES;
				CLANG_ENABLE_OBJC_ARC = YES;
				CLANG_WARN_BLOCK_CAPTURE_AUTORELEASING = YES;
				CLANG_WARN_BOOL_CONVERSION = YES;
				CLANG_WARN_COMMA = YES;
				CLANG_WARN_CONSTANT_CONVERSION = YES;
				CLANG_WARN_DIRECT_OBJC_ISA_USAGE = YES_ERROR;
				CLANG_WARN_DOCUMENTATION_COMMENTS = YES;
				CLANG_WARN_EMPTY_BODY = YES;
				CLANG_WARN_ENUM_CONVERSION = YES;
				CLANG_WARN_INFINITE_RECURSION = YES;
				CLANG_WARN_INT_CONVERSION = YES;
				CLANG_WARN_NON_LITERAL_NULL_CONVERSION = YES;
				CLANG_WARN_OBJC_LITERAL_CONVERSION = YES;
				CLANG_WARN_OBJC_ROOT_CLASS = YES_ERROR;
				CLANG_WARN_RANGE_LOOP_ANALYSIS = YES;
				CLANG_WARN_STRICT_PROTOTYPES = YES;
				CLANG_WARN_SUSPICIOUS_MOVE = YES;
				CLANG_WARN_UNGUARDED_AVAILABILITY = YES_AGGRESSIVE;
				CLANG_WARN_UNREACHABLE_CODE = YES;
				CLANG_WARN__DUPLICATE_METHOD_MATCH = YES;
				CODE_SIGN_IDENTITY = "iPhone Developer";
				COPY_PHASE_STRIP = NO;
				DEBUG_INFORMATION_FORMAT = dwarf;
				ENABLE_STRICT_OBJC_MSGSEND = YES;
				ENABLE_TESTABILITY = YES;
				GCC_C_LANGUAGE_STANDARD = gnu11;
				GCC_DYNAMIC_NO_PIC = NO;
				GCC_NO_COMMON_BLOCKS = YES;
				GCC_OPTIMIZATION_LEVEL = 0;
				GCC_PREPROCESSOR_DEFINITIONS = (
					"DEBUG=1",
					"$(inherited)",
				);
				GCC_WARN_64_TO_32_BIT_CONVERSION = YES;
				GCC_WARN_ABOUT_RETURN_TYPE = YES_ERROR;
				GCC_WARN_UNDECLARED_SELECTOR = YES;
				GCC_WARN_UNINITIALIZED_AUTOS = YES_AGGRESSIVE;
				GCC_WARN_UNUSED_FUNCTION = YES;
				GCC_WARN_UNUSED_VARIABLE = YES;
				IPHONEOS_DEPLOYMENT_TARGET = 11.0;
				MTL_ENABLE_DEBUG_INFO = YES;
				ONLY_ACTIVE_ARCH = YES;
				SDKROOT = iphoneos;
				SWIFT_ACTIVE_COMPILATION_CONDITIONS = DEBUG;
				SWIFT_OPTIMIZATION_LEVEL = "-Onone";
			};
			name = Debug;
		};
		9489C0D51F6F000F0011E5AE /* Release */ = {
			isa = XCBuildConfiguration;
			buildSettings = {
				ALWAYS_SEARCH_USER_PATHS = NO;
				CLANG_ANALYZER_LOCALIZABILITY_NONLOCALIZED = YES;
				CLANG_ANALYZER_NONNULL = YES;
				CLANG_ANALYZER_NUMBER_OBJECT_CONVERSION = YES_AGGRESSIVE;
				CLANG_CXX_LANGUAGE_STANDARD = "gnu++14";
				CLANG_CXX_LIBRARY = "libc++";
				CLANG_ENABLE_MODULES = YES;
				CLANG_ENABLE_OBJC_ARC = YES;
				CLANG_WARN_BLOCK_CAPTURE_AUTORELEASING = YES;
				CLANG_WARN_BOOL_CONVERSION = YES;
				CLANG_WARN_COMMA = YES;
				CLANG_WARN_CONSTANT_CONVERSION = YES;
				CLANG_WARN_DIRECT_OBJC_ISA_USAGE = YES_ERROR;
				CLANG_WARN_DOCUMENTATION_COMMENTS = YES;
				CLANG_WARN_EMPTY_BODY = YES;
				CLANG_WARN_ENUM_CONVERSION = YES;
				CLANG_WARN_INFINITE_RECURSION = YES;
				CLANG_WARN_INT_CONVERSION = YES;
				CLANG_WARN_NON_LITERAL_NULL_CONVERSION = YES;
				CLANG_WARN_OBJC_LITERAL_CONVERSION = YES;
				CLANG_WARN_OBJC_ROOT_CLASS = YES_ERROR;
				CLANG_WARN_RANGE_LOOP_ANALYSIS = YES;
				CLANG_WARN_STRICT_PROTOTYPES = YES;
				CLANG_WARN_SUSPICIOUS_MOVE = YES;
				CLANG_WARN_UNGUARDED_AVAILABILITY = YES_AGGRESSIVE;
				CLANG_WARN_UNREACHABLE_CODE = YES;
				CLANG_WARN__DUPLICATE_METHOD_MATCH = YES;
				CODE_SIGN_IDENTITY = "iPhone Developer";
				COPY_PHASE_STRIP = NO;
				DEBUG_INFORMATION_FORMAT = "dwarf-with-dsym";
				ENABLE_NS_ASSERTIONS = NO;
				ENABLE_STRICT_OBJC_MSGSEND = YES;
				GCC_C_LANGUAGE_STANDARD = gnu11;
				GCC_NO_COMMON_BLOCKS = YES;
				GCC_WARN_64_TO_32_BIT_CONVERSION = YES;
				GCC_WARN_ABOUT_RETURN_TYPE = YES_ERROR;
				GCC_WARN_UNDECLARED_SELECTOR = YES;
				GCC_WARN_UNINITIALIZED_AUTOS = YES_AGGRESSIVE;
				GCC_WARN_UNUSED_FUNCTION = YES;
				GCC_WARN_UNUSED_VARIABLE = YES;
				IPHONEOS_DEPLOYMENT_TARGET = 11.0;
				MTL_ENABLE_DEBUG_INFO = NO;
				SDKROOT = iphoneos;
				SWIFT_OPTIMIZATION_LEVEL = "-Owholemodule";
				VALIDATE_PRODUCT = YES;
			};
			name = Release;
		};
		9489C0D71F6F000F0011E5AE /* Debug */ = {
			isa = XCBuildConfiguration;
			buildSettings = {
				ASSETCATALOG_COMPILER_APPICON_NAME = AppIcon;
				CODE_SIGN_STYLE = Automatic;
				DEVELOPMENT_TEAM = Y6A22RLVJG;
				INFOPLIST_FILE = NavETU/Info.plist;
				LD_RUNPATH_SEARCH_PATHS = "$(inherited) @executable_path/Frameworks";
				PRODUCT_BUNDLE_IDENTIFIER = ru.0w1.NavETU;
				PRODUCT_NAME = "$(TARGET_NAME)";
				SWIFT_VERSION = 4.0;
				TARGETED_DEVICE_FAMILY = "1,2";
			};
			name = Debug;
		};
		9489C0D81F6F000F0011E5AE /* Release */ = {
			isa = XCBuildConfiguration;
			buildSettings = {
				ASSETCATALOG_COMPILER_APPICON_NAME = AppIcon;
				CODE_SIGN_STYLE = Automatic;
				DEVELOPMENT_TEAM = Y6A22RLVJG;
				INFOPLIST_FILE = NavETU/Info.plist;
				LD_RUNPATH_SEARCH_PATHS = "$(inherited) @executable_path/Frameworks";
				PRODUCT_BUNDLE_IDENTIFIER = ru.0w1.NavETU;
				PRODUCT_NAME = "$(TARGET_NAME)";
				SWIFT_VERSION = 4.0;
				TARGETED_DEVICE_FAMILY = "1,2";
			};
			name = Release;
		};
		9489C0DA1F6F000F0011E5AE /* Debug */ = {
			isa = XCBuildConfiguration;
			buildSettings = {
				ALWAYS_EMBED_SWIFT_STANDARD_LIBRARIES = YES;
				BUNDLE_LOADER = "$(TEST_HOST)";
				CODE_SIGN_STYLE = Automatic;
				INFOPLIST_FILE = NavETUTests/Info.plist;
				LD_RUNPATH_SEARCH_PATHS = "$(inherited) @executable_path/Frameworks @loader_path/Frameworks";
				PRODUCT_BUNDLE_IDENTIFIER = ru.0w1.NavETUTests;
				PRODUCT_NAME = "$(TARGET_NAME)";
				SWIFT_VERSION = 4.0;
				TARGETED_DEVICE_FAMILY = "1,2";
				TEST_HOST = "$(BUILT_PRODUCTS_DIR)/NavETU.app/NavETU";
			};
			name = Debug;
		};
		9489C0DB1F6F000F0011E5AE /* Release */ = {
			isa = XCBuildConfiguration;
			buildSettings = {
				ALWAYS_EMBED_SWIFT_STANDARD_LIBRARIES = YES;
				BUNDLE_LOADER = "$(TEST_HOST)";
				CODE_SIGN_STYLE = Automatic;
				INFOPLIST_FILE = NavETUTests/Info.plist;
				LD_RUNPATH_SEARCH_PATHS = "$(inherited) @executable_path/Frameworks @loader_path/Frameworks";
				PRODUCT_BUNDLE_IDENTIFIER = ru.0w1.NavETUTests;
				PRODUCT_NAME = "$(TARGET_NAME)";
				SWIFT_VERSION = 4.0;
				TARGETED_DEVICE_FAMILY = "1,2";
				TEST_HOST = "$(BUILT_PRODUCTS_DIR)/NavETU.app/NavETU";
			};
			name = Release;
		};
/* End XCBuildConfiguration section */

/* Begin XCConfigurationList section */
		9489C0B41F6F000E0011E5AE /* Build configuration list for PBXProject "NavETU" */ = {
			isa = XCConfigurationList;
			buildConfigurations = (
				9489C0D41F6F000F0011E5AE /* Debug */,
				9489C0D51F6F000F0011E5AE /* Release */,
			);
			defaultConfigurationIsVisible = 0;
			defaultConfigurationName = Release;
		};
		9489C0D61F6F000F0011E5AE /* Build configuration list for PBXNativeTarget "NavETU" */ = {
			isa = XCConfigurationList;
			buildConfigurations = (
				9489C0D71F6F000F0011E5AE /* Debug */,
				9489C0D81F6F000F0011E5AE /* Release */,
			);
			defaultConfigurationIsVisible = 0;
			defaultConfigurationName = Release;
		};
		9489C0D91F6F000F0011E5AE /* Build configuration list for PBXNativeTarget "NavETUTests" */ = {
			isa = XCConfigurationList;
			buildConfigurations = (
				9489C0DA1F6F000F0011E5AE /* Debug */,
				9489C0DB1F6F000F0011E5AE /* Release */,
			);
			defaultConfigurationIsVisible = 0;
			defaultConfigurationName = Release;
		};
/* End XCConfigurationList section */
	};
	rootObject = 9489C0B11F6F000E0011E5AE /* Project object */;
}
